
Microsoft Visual Studio Solution File, Format Version 12.00
# Visual Studio Version 17
VisualStudioVersion = 17.0.31903.59
MinimumVisualStudioVersion = 10.0.40219.1
Project("{9A19103F-16F7-4668-BE54-9A1E7A4F7556}") = "backend", "backend\backend.csproj", "{318F88C0-7E4A-4DE1-8BBF-C06A944D2E34}"
EndProject
Project("{9A19103F-16F7-4668-BE54-9A1E7A4F7556}") = "MainTest", "MainTest\MainTest.csproj", "{9FE9D0B8-C4D5-4196-A6DA-0D4D363D3D64}"
EndProject
Global
	GlobalSection(SolutionConfigurationPlatforms) = preSolution
		Debug|Any CPU = Debug|Any CPU
		Release|Any CPU = Release|Any CPU
		Testing|Any CPU = Testing|Any CPU
	EndGlobalSection
	GlobalSection(ProjectConfigurationPlatforms) = postSolution
		{318F88C0-7E4A-4DE1-8BBF-C06A944D2E34}.Debug|Any CPU.ActiveCfg = Debug|Any CPU
		{318F88C0-7E4A-4DE1-8BBF-C06A944D2E34}.Debug|Any CPU.Build.0 = Debug|Any CPU
		{318F88C0-7E4A-4DE1-8BBF-C06A944D2E34}.Release|Any CPU.ActiveCfg = Release|Any CPU
		{318F88C0-7E4A-4DE1-8BBF-C06A944D2E34}.Release|Any CPU.Build.0 = Release|Any CPU
		{318F88C0-7E4A-4DE1-8BBF-C06A944D2E34}.Testing|Any CPU.ActiveCfg = Testing|Any CPU
		{318F88C0-7E4A-4DE1-8BBF-C06A944D2E34}.Testing|Any CPU.Build.0 = Testing|Any CPU
		{9FE9D0B8-C4D5-4196-A6DA-0D4D363D3D64}.Debug|Any CPU.ActiveCfg = Debug|Any CPU
		{9FE9D0B8-C4D5-4196-A6DA-0D4D363D3D64}.Debug|Any CPU.Build.0 = Debug|Any CPU
		{9FE9D0B8-C4D5-4196-A6DA-0D4D363D3D64}.Release|Any CPU.ActiveCfg = Release|Any CPU
		{9FE9D0B8-C4D5-4196-A6DA-0D4D363D3D64}.Release|Any CPU.Build.0 = Release|Any CPU
		{9FE9D0B8-C4D5-4196-A6DA-0D4D363D3D64}.Testing|Any CPU.ActiveCfg = Testing|Any CPU
		{9FE9D0B8-C4D5-4196-A6DA-0D4D363D3D64}.Testing|Any CPU.Build.0 = Testing|Any CPU
	EndGlobalSection
	GlobalSection(SolutionProperties) = preSolution
		HideSolutionNode = FALSE
	EndGlobalSection
	GlobalSection(ExtensibilityGlobals) = postSolution
		SolutionGuid = {9D7F56A5-B8EB-4293-8D3C-012353AD2FE4}
	EndGlobalSection
EndGlobal
